
Microsoft Visual Studio Solution File, Format Version 12.00
# Visual Studio 15
VisualStudioVersion = 15.0.26403.7
MinimumVisualStudioVersion = 10.0.40219.1
Project("{2150E333-8FDC-42A3-9474-1A3956D46DE8}") = "Day1", "Day1", "{A91CAB21-8388-41A3-9010-0BB257B2F7B2}"
EndProject
Project("{FAE04EC0-301F-11D3-BF4B-00C04F79EFBC}") = "D1_Lab01_XMLWebService", "D1_Lab01_XMLWebService\D1_Lab01_XMLWebService.csproj", "{5CFB697D-F533-4920-95DD-67260DD9D56D}"
EndProject
Project("{FAE04EC0-301F-11D3-BF4B-00C04F79EFBC}") = "D1_Lab02_FirstWebapi", "D1_Lab02_FirstWebapi\D1_Lab02_FirstWebapi.csproj", "{B4B85E1C-C9BB-41DD-BEE8-F2D4C9B8B99F}"
EndProject
Project("{FAE04EC0-301F-11D3-BF4B-00C04F79EFBC}") = "D1_Lab03_Routing_AttributeRouting", "D1_Lab03_Routing_AttributeRouting\D1_Lab03_Routing_AttributeRouting.csproj", "{6C03E054-7613-43DD-887C-90E2FAFB717A}"
EndProject
Project("{FAE04EC0-301F-11D3-BF4B-00C04F79EFBC}") = "D1_Lab04_Binding_ValidationErrors", "D1_Lab04_Binding_ValidationErrors\D1_Lab04_Binding_ValidationErrors.csproj", "{8F37E1DB-D9DC-43C0-8265-211EF13385BA}"
EndProject
Project("{FAE04EC0-301F-11D3-BF4B-00C04F79EFBC}") = "D1_Lab05_ParameterBinding", "D1_Lab05_ParameterBinding\D1_Lab05_ParameterBinding.csproj", "{AD994851-EF58-45F0-AF8A-AD16170013F3}"
EndProject
Project("{FAE04EC0-301F-11D3-BF4B-00C04F79EFBC}") = "D1_Lab06_FromUri_FromBody", "D1_Lab06_FromUri_FromBody\D1_Lab06_FromUri_FromBody.csproj", "{EBFA8369-F336-4D64-AA10-714C90741037}"
EndProject
Project("{FAE04EC0-301F-11D3-BF4B-00C04F79EFBC}") = "D1_Lab07_BindingCSVMediaFormatter", "D1_Lab07_BindingCSVMediaFormatter\D1_Lab07_BindingCSVMediaFormatter.csproj", "{5C478DED-9A95-4C5D-AB4B-114CC99EDB5B}"
EndProject
Global
	GlobalSection(SolutionConfigurationPlatforms) = preSolution
		Debug|Any CPU = Debug|Any CPU
		Release|Any CPU = Release|Any CPU
	EndGlobalSection
	GlobalSection(ProjectConfigurationPlatforms) = postSolution
		{5CFB697D-F533-4920-95DD-67260DD9D56D}.Debug|Any CPU.ActiveCfg = Debug|Any CPU
		{5CFB697D-F533-4920-95DD-67260DD9D56D}.Debug|Any CPU.Build.0 = Debug|Any CPU
		{5CFB697D-F533-4920-95DD-67260DD9D56D}.Release|Any CPU.ActiveCfg = Release|Any CPU
		{5CFB697D-F533-4920-95DD-67260DD9D56D}.Release|Any CPU.Build.0 = Release|Any CPU
		{B4B85E1C-C9BB-41DD-BEE8-F2D4C9B8B99F}.Debug|Any CPU.ActiveCfg = Debug|Any CPU
		{B4B85E1C-C9BB-41DD-BEE8-F2D4C9B8B99F}.Debug|Any CPU.Build.0 = Debug|Any CPU
		{B4B85E1C-C9BB-41DD-BEE8-F2D4C9B8B99F}.Release|Any CPU.ActiveCfg = Release|Any CPU
		{B4B85E1C-C9BB-41DD-BEE8-F2D4C9B8B99F}.Release|Any CPU.Build.0 = Release|Any CPU
		{6C03E054-7613-43DD-887C-90E2FAFB717A}.Debug|Any CPU.ActiveCfg = Debug|Any CPU
		{6C03E054-7613-43DD-887C-90E2FAFB717A}.Debug|Any CPU.Build.0 = Debug|Any CPU
		{6C03E054-7613-43DD-887C-90E2FAFB717A}.Release|Any CPU.ActiveCfg = Release|Any CPU
		{6C03E054-7613-43DD-887C-90E2FAFB717A}.Release|Any CPU.Build.0 = Release|Any CPU
		{8F37E1DB-D9DC-43C0-8265-211EF13385BA}.Debug|Any CPU.ActiveCfg = Debug|Any CPU
		{8F37E1DB-D9DC-43C0-8265-211EF13385BA}.Debug|Any CPU.Build.0 = Debug|Any CPU
		{8F37E1DB-D9DC-43C0-8265-211EF13385BA}.Release|Any CPU.ActiveCfg = Release|Any CPU
		{8F37E1DB-D9DC-43C0-8265-211EF13385BA}.Release|Any CPU.Build.0 = Release|Any CPU
		{AD994851-EF58-45F0-AF8A-AD16170013F3}.Debug|Any CPU.ActiveCfg = Debug|Any CPU
		{AD994851-EF58-45F0-AF8A-AD16170013F3}.Debug|Any CPU.Build.0 = Debug|Any CPU
		{AD994851-EF58-45F0-AF8A-AD16170013F3}.Release|Any CPU.ActiveCfg = Release|Any CPU
		{AD994851-EF58-45F0-AF8A-AD16170013F3}.Release|Any CPU.Build.0 = Release|Any CPU
		{EBFA8369-F336-4D64-AA10-714C90741037}.Debug|Any CPU.ActiveCfg = Debug|Any CPU
		{EBFA8369-F336-4D64-AA10-714C90741037}.Debug|Any CPU.Build.0 = Debug|Any CPU
		{EBFA8369-F336-4D64-AA10-714C90741037}.Release|Any CPU.ActiveCfg = Release|Any CPU
		{EBFA8369-F336-4D64-AA10-714C90741037}.Release|Any CPU.Build.0 = Release|Any CPU
		{5C478DED-9A95-4C5D-AB4B-114CC99EDB5B}.Debug|Any CPU.ActiveCfg = Debug|Any CPU
		{5C478DED-9A95-4C5D-AB4B-114CC99EDB5B}.Debug|Any CPU.Build.0 = Debug|Any CPU
		{5C478DED-9A95-4C5D-AB4B-114CC99EDB5B}.Release|Any CPU.ActiveCfg = Release|Any CPU
		{5C478DED-9A95-4C5D-AB4B-114CC99EDB5B}.Release|Any CPU.Build.0 = Release|Any CPU
	EndGlobalSection
	GlobalSection(SolutionProperties) = preSolution
		HideSolutionNode = FALSE
	EndGlobalSection
	GlobalSection(NestedProjects) = preSolution
		{5CFB697D-F533-4920-95DD-67260DD9D56D} = {A91CAB21-8388-41A3-9010-0BB257B2F7B2}
		{B4B85E1C-C9BB-41DD-BEE8-F2D4C9B8B99F} = {A91CAB21-8388-41A3-9010-0BB257B2F7B2}
		{6C03E054-7613-43DD-887C-90E2FAFB717A} = {A91CAB21-8388-41A3-9010-0BB257B2F7B2}
		{8F37E1DB-D9DC-43C0-8265-211EF13385BA} = {A91CAB21-8388-41A3-9010-0BB257B2F7B2}
		{AD994851-EF58-45F0-AF8A-AD16170013F3} = {A91CAB21-8388-41A3-9010-0BB257B2F7B2}
		{EBFA8369-F336-4D64-AA10-714C90741037} = {A91CAB21-8388-41A3-9010-0BB257B2F7B2}
		{5C478DED-9A95-4C5D-AB4B-114CC99EDB5B} = {A91CAB21-8388-41A3-9010-0BB257B2F7B2}
	EndGlobalSection
EndGlobal
